
Microsoft Visual Studio Solution File, Format Version 12.00
# Visual Studio Version 17
VisualStudioVersion = 17.10.35122.118
MinimumVisualStudioVersion = 10.0.40219.1
Project("{FAE04EC0-301F-11D3-BF4B-00C04F79EFBC}") = "MyFirstAPI", "MyFirstAPI.csproj", "{605FED3F-0234-40A2-B78C-422ABCB08F67}"
EndProject
Global
	GlobalSection(SolutionConfigurationPlatforms) = preSolution
		Debug|Any CPU = Debug|Any CPU
		Release|Any CPU = Release|Any CPU
	EndGlobalSection
	GlobalSection(ProjectConfigurationPlatforms) = postSolution
		{605FED3F-0234-40A2-B78C-422ABCB08F67}.Debug|Any CPU.ActiveCfg = Debug|Any CPU
		{605FED3F-0234-40A2-B78C-422ABCB08F67}.Debug|Any CPU.Build.0 = Debug|Any CPU
		{605FED3F-0234-40A2-B78C-422ABCB08F67}.Release|Any CPU.ActiveCfg = Release|Any CPU
		{605FED3F-0234-40A2-B78C-422ABCB08F67}.Release|Any CPU.Build.0 = Release|Any CPU
	EndGlobalSection
	GlobalSection(SolutionProperties) = preSolution
		HideSolutionNode = FALSE
	EndGlobalSection
	GlobalSection(ExtensibilityGlobals) = postSolution
		SolutionGuid = {7486E0B4-BA8F-459A-9AD7-8322E96561A1}
	EndGlobalSection
EndGlobal
